// !$*UTF8*$!
{
	archiveVersion = 1;
	classes = {
	};
	objectVersion = 56;
	objects = {

/* Begin PBXBuildFile section */
		472054382FC050D000A33B01 /* todoAppApp.swift in Sources */ = {isa = PBXBuildFile; fileRef = 472054372FC050D000A33B01 /* todoAppApp.swift */; };
		4720543A2FC050D000A33B01 /* ContentView.swift in Sources */ = {isa = PBXBuildFile; fileRef = 472054392FC050D000A33B01 /* ContentView.swift */; };
		4720543C2FC050D200A33B01 /* Assets.xcassets in Resources */ = {isa = PBXBuildFile; fileRef = 4720543B2FC050D200A33B01 /* Assets.xcassets */; };
		4720543F2FC050D200A33B01 /* Preview Assets.xcassets in Resources */ = {isa = PBXBuildFile; fileRef = 4720543E2FC050D200A33B01 /* Preview Assets.xcassets */; };
		472054412FC050D200A33B01 /* Persistence.swift in Sources */ = {isa = PBXBuildFile; fileRef = 472054402FC050D200A33B01 /* Persistence.swift */; };
		472054442FC050D200A33B01 /* todoApp.xcdatamodeld in Sources */ = {isa = PBXBuildFile; fileRef = 472054422FC050D200A33B01 /* todoApp.xcdatamodeld */; };
		4720544F2FC050D200A33B01 /* todoAppTests.swift in Sources */ = {isa = PBXBuildFile; fileRef = 4720544E2FC050D200A33B01 /* todoAppTests.swift */; };
		472054592FC050D200A33B01 /* todoAppUITests.swift in Sources */ = {isa = PBXBuildFile; fileRef = 472054582FC050D200A33B01 /* todoAppUITests.swift */; };
		4720545B2FC050D200A33B01 /* todoAppUITestsLaunchTests.swift in Sources */ = {isa = PBXBuildFile; fileRef = 4720545A2FC050D200A33B01 /* todoAppUITestsLaunchTests.swift */; };
		472054682FC053A800A33B01 /* todotest.swift in Sources */ = {isa = PBXBuildFile; fileRef = 472054672FC053A800A33B01 /* todotest.swift */; };
/* End PBXBuildFile section */

/* Begin PBXContainerItemProxy section */
		4720544B2FC050D200A33B01 /* PBXContainerItemProxy */ = {
			isa = PBXContainerItemProxy;
			containerPortal = 4720542C2FC050D000A33B01 /* Project object */;
			proxyType = 1;
			remoteGlobalIDString = 472054332FC050D000A33B01;
			remoteInfo = todoApp;
		};
		472054552FC050D200A33B01 /* PBXContainerItemProxy */ = {
			isa = PBXContainerItemProxy;
			containerPortal = 4720542C2FC050D000A33B01 /* Project object */;
			proxyType = 1;
			remoteGlobalIDString = 472054332FC050D000A33B01;
			remoteInfo = todoApp;
		};
/* End PBXContainerItemProxy section */

/* Begin PBXFileReference section */
		472054342FC050D000A33B01 /* todoApp.app */ = {isa = PBXFileReference; explicitFileType = wrapper.application; includeInIndex = 0; path = todoApp.app; sourceTree = BUILT_PRODUCTS_DIR; };
		472054372FC050D000A33B01 /* todoAppApp.swift */ = {isa = PBXFileReference; lastKnownFileType = sourcecode.swift; path = todoAppApp.swift; sourceTree = "<group>"; };
		472054392FC050D000A33B01 /* ContentView.swift */ = {isa = PBXFileReference; lastKnownFileType = sourcecode.swift; path = ContentView.swift; sourceTree = "<group>"; };
		4720543B2FC050D200A33B01 /* Assets.xcassets */ = {isa = PBXFileReference; lastKnownFileType = folder.assetcatalog; path = Assets.xcassets; sourceTree = "<group>"; };
		4720543E2FC050D200A33B01 /* Preview Assets.xcassets */ = {isa = PBXFileReference; lastKnownFileType = folder.assetcatalog; path = "Preview Assets.xcassets"; sourceTree = "<group>"; };
		472054402FC050D200A33B01 /* Persistence.swift */ = {isa = PBXFileReference; lastKnownFileType = sourcecode.swift; path = Persistence.swift; sourceTree = "<group>"; };
		472054432FC050D200A33B01 /* todoApp.xcdatamodel */ = {isa = PBXFileReference; lastKnownFileType = wrapper.xcdatamodel; path = todoApp.xcdatamodel; sourceTree = "<group>"; };
		472054452FC050D200A33B01 /* Info.plist */ = {isa = PBXFileReference; lastKnownFileType = text.plist.xml; path = Info.plist; sourceTree = "<group>"; };
		4720544A2FC050D200A33B01 /* todoAppTests.xctest */ = {isa = PBXFileReference; explicitFileType = wrapper.cfbundle; includeInIndex = 0; path = todoAppTests.xctest; sourceTree = BUILT_PRODUCTS_DIR; };
		4720544E2FC050D200A33B01 /* todoAppTests.swift */ = {isa = PBXFileReference; lastKnownFileType = sourcecode.swift; path = todoAppTests.swift; sourceTree = "<group>"; };
		472054542FC050D200A33B01 /* todoAppUITests.xctest */ = {isa = PBXFileReference; explicitFileType = wrapper.cfbundle; includeInIndex = 0; path = todoAppUITests.xctest; sourceTree = BUILT_PRODUCTS_DIR; };
		472054582FC050D200A33B01 /* todoAppUITests.swift */ = {isa = PBXFileReference; lastKnownFileType = sourcecode.swift; path = todoAppUITests.swift; sourceTree = "<group>"; };
		4720545A2FC050D200A33B01 /* todoAppUITestsLaunchTests.swift */ = {isa = PBXFileReference; lastKnownFileType = sourcecode.swift; path = todoAppUITestsLaunchTests.swift; sourceTree = "<group>"; };
		472054672FC053A800A33B01 /* todotest.swift */ = {isa = PBXFileReference; lastKnownFileType = sourcecode.swift; name = todotest.swift; path = ../todotest.swift; sourceTree = "<group>"; };
/* End PBXFileReference section */

/* Begin PBXFrameworksBuildPhase section */
		472054312FC050D000A33B01 /* Frameworks */ = {
			isa = PBXFrameworksBuildPhase;
			buildActionMask = 2147483647;
			files = (
			);
			runOnlyForDeploymentPostprocessing = 0;
		};
		472054472FC050D200A33B01 /* Frameworks */ = {
			isa = PBXFrameworksBuildPhase;
			buildActionMask = 2147483647;
			files = (
			);
			runOnlyForDeploymentPostprocessing = 0;
		};
		472054512FC050D200A33B01 /* Frameworks */ = {
			isa = PBXFrameworksBuildPhase;
			buildActionMask = 2147483647;
			files = (
			);
			runOnlyForDeploymentPostprocessing = 0;
		};
/* End PBXFrameworksBuildPhase section */

/* Begin PBXGroup section */
		4720542B2FC050D000A33B01 = {
			isa = PBXGroup;
			children = (
				472054672FC053A800A33B01 /* todotest.swift */,
				472054362FC050D000A33B01 /* todoApp */,
				4720544D2FC050D200A33B01 /* todoAppTests */,
				472054572FC050D200A33B01 /* todoAppUITests */,
				472054352FC050D000A33B01 /* Products */,
			);
			sourceTree = "<group>";
		};
		472054352FC050D000A33B01 /* Products */ = {
			isa = PBXGroup;
			children = (
				472054342FC050D000A33B01 /* todoApp.app */,
				4720544A2FC050D200A33B01 /* todoAppTests.xctest */,
				472054542FC050D200A33B01 /* todoAppUITests.xctest */,
			);
			name = Products;
			sourceTree = "<group>";
		};
		472054362FC050D000A33B01 /* todoApp */ = {
			isa = PBXGroup;
			children = (
				472054372FC050D000A33B01 /* todoAppApp.swift */,
				472054392FC050D000A33B01 /* ContentView.swift */,
				4720543B2FC050D200A33B01 /* Assets.xcassets */,
				472054402FC050D200A33B01 /* Persistence.swift */,
				472054452FC050D200A33B01 /* Info.plist */,
				472054422FC050D200A33B01 /* todoApp.xcdatamodeld */,
				4720543D2FC050D200A33B01 /* Preview Content */,
			);
			path = todoApp;
			sourceTree = "<group>";
		};
		4720543D2FC050D200A33B01 /* Preview Content */ = {
			isa = PBXGroup;
			children = (
				4720543E2FC050D200A33B01 /* Preview Assets.xcassets */,
			);
			path = "Preview Content";
			sourceTree = "<group>";
		};
		4720544D2FC050D200A33B01 /* todoAppTests */ = {
			isa = PBXGroup;
			children = (
				4720544E2FC050D200A33B01 /* todoAppTests.swift */,
			);
			path = todoAppTests;
			sourceTree = "<group>";
		};
		472054572FC050D200A33B01 /* todoAppUITests */ = {
			isa = PBXGroup;
			children = (
				472054582FC050D200A33B01 /* todoAppUITests.swift */,
				4720545A2FC050D200A33B01 /* todoAppUITestsLaunchTests.swift */,
			);
			path = todoAppUITests;
			sourceTree = "<group>";
		};
/* End PBXGroup section */

/* Begin PBXNativeTarget section */
		472054332FC050D000A33B01 /* todoApp */ = {
			isa = PBXNativeTarget;
			buildConfigurationList = 4720545E2FC050D200A33B01 /* Build configuration list for PBXNativeTarget "todoApp" */;
			buildPhases = (
				472054302FC050D000A33B01 /* Sources */,
				472054312FC050D000A33B01 /* Frameworks */,
				472054322FC050D000A33B01 /* Resources */,
			);
			buildRules = (
			);
			dependencies = (
			);
			name = todoApp;
			productName = todoApp;
			productReference = 472054342FC050D000A33B01 /* todoApp.app */;
			productType = "com.apple.product-type.application";
		};
		472054492FC050D200A33B01 /* todoAppTests */ = {
			isa = PBXNativeTarget;
			buildConfigurationList = 472054612FC050D200A33B01 /* Build configuration list for PBXNativeTarget "todoAppTests" */;
			buildPhases = (
				472054462FC050D200A33B01 /* Sources */,
				472054472FC050D200A33B01 /* Frameworks */,
				472054482FC050D200A33B01 /* Resources */,
			);
			buildRules = (
			);
			dependencies = (
				4720544C2FC050D200A33B01 /* PBXTargetDependency */,
			);
			name = todoAppTests;
			productName = todoAppTests;
			productReference = 4720544A2FC050D200A33B01 /* todoAppTests.xctest */;
			productType = "com.apple.product-type.bundle.unit-test";
		};
		472054532FC050D200A33B01 /* todoAppUITests */ = {
			isa = PBXNativeTarget;
			buildConfigurationList = 472054642FC050D200A33B01 /* Build configuration list for PBXNativeTarget "todoAppUITests" */;
			buildPhases = (
				472054502FC050D200A33B01 /* Sources */,
				472054512FC050D200A33B01 /* Frameworks */,
				472054522FC050D200A33B01 /* Resources */,
			);
			buildRules = (
			);
			dependencies = (
				472054562FC050D200A33B01 /* PBXTargetDependency */,
			);
			name = todoAppUITests;
			productName = todoAppUITests;
			productReference = 472054542FC050D200A33B01 /* todoAppUITests.xctest */;
			productType = "com.apple.product-type.bundle.ui-testing";
		};
/* End PBXNativeTarget section */

/* Begin PBXProject section */
		4720542C2FC050D000A33B01 /* Project object */ = {
			isa = PBXProject;
			attributes = {
				BuildIndependentTargetsInParallel = 1;
				LastSwiftUpdateCheck = 1420;
				LastUpgradeCheck = 1420;
				TargetAttributes = {
					472054332FC050D000A33B01 = {
						CreatedOnToolsVersion = 14.2;
					};
					472054492FC050D200A33B01 = {
						CreatedOnToolsVersion = 14.2;
						TestTargetID = 472054332FC050D000A33B01;
					};
					472054532FC050D200A33B01 = {
						CreatedOnToolsVersion = 14.2;
						TestTargetID = 472054332FC050D000A33B01;
					};
				};
			};
			buildConfigurationList = 4720542F2FC050D000A33B01 /* Build configuration list for PBXProject "todoApp" */;
			compatibilityVersion = "Xcode 14.0";
			developmentRegion = en;
			hasScannedForEncodings = 0;
			knownRegions = (
				en,
				Base,
			);
			mainGroup = 4720542B2FC050D000A33B01;
			productRefGroup = 472054352FC050D000A33B01 /* Products */;
			projectDirPath = "";
			projectRoot = "";
			targets = (
				472054332FC050D000A33B01 /* todoApp */,
				472054492FC050D200A33B01 /* todoAppTests */,
				472054532FC050D200A33B01 /* todoAppUITests */,
			);
		};
/* End PBXProject section */

/* Begin PBXResourcesBuildPhase section */
		472054322FC050D000A33B01 /* Resources */ = {
			isa = PBXResourcesBuildPhase;
			buildActionMask = 2147483647;
			files = (
				4720543F2FC050D200A33B01 /* Preview Assets.xcassets in Resources */,
				4720543C2FC050D200A33B01 /* Assets.xcassets in Resources */,
			);
			runOnlyForDeploymentPostprocessing = 0;
		};
		472054482FC050D200A33B01 /* Resources */ = {
			isa = PBXResourcesBuildPhase;
			buildActionMask = 2147483647;
			files = (
			);
			runOnlyForDeploymentPostprocessing = 0;
		};
		472054522FC050D200A33B01 /* Resources */ = {
			isa = PBXResourcesBuildPhase;
			buildActionMask = 2147483647;
			files = (
			);
			runOnlyForDeploymentPostprocessing = 0;
		};
/* End PBXResourcesBuildPhase section */

/* Begin PBXSourcesBuildPhase section */
		472054302FC050D000A33B01 /* Sources */ = {
			isa = PBXSourcesBuildPhase;
			buildActionMask = 2147483647;
			files = (
				472054412FC050D200A33B01 /* Persistence.swift in Sources */,
				4720543A2FC050D000A33B01 /* ContentView.swift in Sources */,
				472054382FC050D000A33B01 /* todoAppApp.swift in Sources */,
				472054442FC050D200A33B01 /* todoApp.xcdatamodeld in Sources */,
			);
			runOnlyForDeploymentPostprocessing = 0;
		};
		472054462FC050D200A33B01 /* Sources */ = {
			isa = PBXSourcesBuildPhase;
			buildActionMask = 2147483647;
			files = (
				4720544F2FC050D200A33B01 /* todoAppTests.swift in Sources */,
				472054682FC053A800A33B01 /* todotest.swift in Sources */,
			);
			runOnlyForDeploymentPostprocessing = 0;
		};
		472054502FC050D200A33B01 /* Sources */ = {
			isa = PBXSourcesBuildPhase;
			buildActionMask = 2147483647;
			files = (
				4720545B2FC050D200A33B01 /* todoAppUITestsLaunchTests.swift in Sources */,
				472054592FC050D200A33B01 /* todoAppUITests.swift in Sources */,
			);
			runOnlyForDeploymentPostprocessing = 0;
		};
/* End PBXSourcesBuildPhase section */

/* Begin PBXTargetDependency section */
		4720544C2FC050D200A33B01 /* PBXTargetDependency */ = {
			isa = PBXTargetDependency;
			target = 472054332FC050D000A33B01 /* todoApp */;
			targetProxy = 4720544B2FC050D200A33B01 /* PBXContainerItemProxy */;
		};
		472054562FC050D200A33B01 /* PBXTargetDependency */ = {
			isa = PBXTargetDependency;
			target = 472054332FC050D000A33B01 /* todoApp */;
			targetProxy = 472054552FC050D200A33B01 /* PBXContainerItemProxy */;
		};
/* End PBXTargetDependency section */

/* Begin XCBuildConfiguration section */
		4720545C2FC050D200A33B01 /* Debug */ = {
			isa = XCBuildConfiguration;
			buildSettings = {
				ALWAYS_SEARCH_USER_PATHS = NO;
				CLANG_ANALYZER_NONNULL = YES;
				CLANG_ANALYZER_NUMBER_OBJECT_CONVERSION = YES_AGGRESSIVE;
				CLANG_CXX_LANGUAGE_STANDARD = "gnu++20";
				CLANG_ENABLE_MODULES = YES;
				CLANG_ENABLE_OBJC_ARC = YES;
				CLANG_ENABLE_OBJC_WEAK = YES;
				CLANG_WARN_BLOCK_CAPTURE_AUTORELEASING = YES;
				CLANG_WARN_BOOL_CONVERSION = YES;
				CLANG_WARN_COMMA = YES;
				CLANG_WARN_CONSTANT_CONVERSION = YES;
				CLANG_WARN_DEPRECATED_OBJC_IMPLEMENTATIONS = YES;
				CLANG_WARN_DIRECT_OBJC_ISA_USAGE = YES_ERROR;
				CLANG_WARN_DOCUMENTATION_COMMENTS = YES;
				CLANG_WARN_EMPTY_BODY = YES;
				CLANG_WARN_ENUM_CONVERSION = YES;
				CLANG_WARN_INFINITE_RECURSION = YES;
				CLANG_WARN_INT_CONVERSION = YES;
				CLANG_WARN_NON_LITERAL_NULL_CONVERSION = YES;
				CLANG_WARN_OBJC_IMPLICIT_RETAIN_SELF = YES;
				CLANG_WARN_OBJC_LITERAL_CONVERSION = YES;
				CLANG_WARN_OBJC_ROOT_CLASS = YES_ERROR;
				CLANG_WARN_QUOTED_INCLUDE_IN_FRAMEWORK_HEADER = YES;
				CLANG_WARN_RANGE_LOOP_ANALYSIS = YES;
				CLANG_WARN_STRICT_PROTOTYPES = YES;
				CLANG_WARN_SUSPICIOUS_MOVE = YES;
				CLANG_WARN_UNGUARDED_AVAILABILITY = YES_AGGRESSIVE;
				CLANG_WARN_UNREACHABLE_CODE = YES;
				CLANG_WARN__DUPLICATE_METHOD_MATCH = YES;
				COPY_PHASE_STRIP = NO;
				DEBUG_INFORMATION_FORMAT = dwarf;
				ENABLE_STRICT_OBJC_MSGSEND = YES;
				ENABLE_TESTABILITY = YES;
				GCC_C_LANGUAGE_STANDARD = gnu11;
				GCC_DYNAMIC_NO_PIC = NO;
				GCC_NO_COMMON_BLOCKS = YES;
				GCC_OPTIMIZATION_LEVEL = 0;
				GCC_PREPROCESSOR_DEFINITIONS = (
					"DEBUG=1",
					"$(inherited)",
				);
				GCC_WARN_64_TO_32_BIT_CONVERSION = YES;
				GCC_WARN_ABOUT_RETURN_TYPE = YES_ERROR;
				GCC_WARN_UNDECLARED_SELECTOR = YES;
				GCC_WARN_UNINITIALIZED_AUTOS = YES_AGGRESSIVE;
				GCC_WARN_UNUSED_FUNCTION = YES;
				GCC_WARN_UNUSED_VARIABLE = YES;
				IPHONEOS_DEPLOYMENT_TARGET = 16.2;
				MTL_ENABLE_DEBUG_INFO = INCLUDE_SOURCE;
				MTL_FAST_MATH = YES;
				ONLY_ACTIVE_ARCH = YES;
				SDKROOT = iphoneos;
				SWIFT_ACTIVE_COMPILATION_CONDITIONS = DEBUG;
				SWIFT_OPTIMIZATION_LEVEL = "-Onone";
			};
			name = Debug;
		};
		4720545D2FC050D200A33B01 /* Release */ = {
			isa = XCBuildConfiguration;
			buildSettings = {
				ALWAYS_SEARCH_USER_PATHS = NO;
				CLANG_ANALYZER_NONNULL = YES;
				CLANG_ANALYZER_NUMBER_OBJECT_CONVERSION = YES_AGGRESSIVE;
				CLANG_CXX_LANGUAGE_STANDARD = "gnu++20";
				CLANG_ENABLE_MODULES = YES;
				CLANG_ENABLE_OBJC_ARC = YES;
				CLANG_ENABLE_OBJC_WEAK = YES;
				CLANG_WARN_BLOCK_CAPTURE_AUTORELEASING = YES;
				CLANG_WARN_BOOL_CONVERSION = YES;
				CLANG_WARN_COMMA = YES;
				CLANG_WARN_CONSTANT_CONVERSION = YES;
				CLANG_WARN_DEPRECATED_OBJC_IMPLEMENTATIONS = YES;
				CLANG_WARN_DIRECT_OBJC_ISA_USAGE = YES_ERROR;
				CLANG_WARN_DOCUMENTATION_COMMENTS = YES;
				CLANG_WARN_EMPTY_BODY = YES;
				CLANG_WARN_ENUM_CONVERSION = YES;
				CLANG_WARN_INFINITE_RECURSION = YES;
				CLANG_WARN_INT_CONVERSION = YES;
				CLANG_WARN_NON_LITERAL_NULL_CONVERSION = YES;
				CLANG_WARN_OBJC_IMPLICIT_RETAIN_SELF = YES;
				CLANG_WARN_OBJC_LITERAL_CONVERSION = YES;
				CLANG_WARN_OBJC_ROOT_CLASS = YES_ERROR;
				CLANG_WARN_QUOTED_INCLUDE_IN_FRAMEWORK_HEADER = YES;
				CLANG_WARN_RANGE_LOOP_ANALYSIS = YES;
				CLANG_WARN_STRICT_PROTOTYPES = YES;
				CLANG_WARN_SUSPICIOUS_MOVE = YES;
				CLANG_WARN_UNGUARDED_AVAILABILITY = YES_AGGRESSIVE;
				CLANG_WARN_UNREACHABLE_CODE = YES;
				CLANG_WARN__DUPLICATE_METHOD_MATCH = YES;
				COPY_PHASE_STRIP = NO;
				DEBUG_INFORMATION_FORMAT = "dwarf-with-dsym";
				ENABLE_NS_ASSERTIONS = NO;
				ENABLE_STRICT_OBJC_MSGSEND = YES;
				GCC_C_LANGUAGE_STANDARD = gnu11;
				GCC_NO_COMMON_BLOCKS = YES;
				GCC_WARN_64_TO_32_BIT_CONVERSION = YES;
				GCC_WARN_ABOUT_RETURN_TYPE = YES_ERROR;
				GCC_WARN_UNDECLARED_SELECTOR = YES;
				GCC_WARN_UNINITIALIZED_AUTOS = YES_AGGRESSIVE;
				GCC_WARN_UNUSED_FUNCTION = YES;
				GCC_WARN_UNUSED_VARIABLE = YES;
				IPHONEOS_DEPLOYMENT_TARGET = 16.2;
				MTL_ENABLE_DEBUG_INFO = NO;
				MTL_FAST_MATH = YES;
				SDKROOT = iphoneos;
				SWIFT_COMPILATION_MODE = wholemodule;
				SWIFT_OPTIMIZATION_LEVEL = "-O";
				VALIDATE_PRODUCT = YES;
			};
			name = Release;
		};
		4720545F2FC050D200A33B01 /* Debug */ = {
			isa = XCBuildConfiguration;
			buildSettings = {
				ASSETCATALOG_COMPILER_APPICON_NAME = AppIcon;
				ASSETCATALOG_COMPILER_GLOBAL_ACCENT_COLOR_NAME = AccentColor;
				CODE_SIGN_STYLE = Automatic;
				CURRENT_PROJECT_VERSION = 1;
				DEVELOPMENT_ASSET_PATHS = "\"todoApp/Preview Content\"";
				ENABLE_PREVIEWS = YES;
				GENERATE_INFOPLIST_FILE = YES;
				INFOPLIST_KEY_UIApplicationSceneManifest_Generation = YES;
				INFOPLIST_KEY_UIApplicationSupportsIndirectInputEvents = YES;
				INFOPLIST_KEY_UILaunchScreen_Generation = YES;
				INFOPLIST_KEY_UISupportedInterfaceOrientations_iPad = "UIInterfaceOrientationPortrait UIInterfaceOrientationPortraitUpsideDown UIInterfaceOrientationLandscapeLeft UIInterfaceOrientationLandscapeRight";
				INFOPLIST_KEY_UISupportedInterfaceOrientations_iPhone = "UIInterfaceOrientationPortrait UIInterfaceOrientationLandscapeLeft UIInterfaceOrientationLandscapeRight";
				LD_RUNPATH_SEARCH_PATHS = (
					"$(inherited)",
					"@executable_path/Frameworks",
				);
				MARKETING_VERSION = 1.0;
				PRODUCT_BUNDLE_IDENTIFIER = el.todoApp;
				PRODUCT_NAME = "$(TARGET_NAME)";
				SWIFT_EMIT_LOC_STRINGS = YES;
				SWIFT_VERSION = 5.0;
				TARGETED_DEVICE_FAMILY = "1,2";
			};
			name = Debug;
		};
		472054602FC050D200A33B01 /* Release */ = {
			isa = XCBuildConfiguration;
			buildSettings = {
				ASSETCATALOG_COMPILER_APPICON_NAME = AppIcon;
				ASSETCATALOG_COMPILER_GLOBAL_ACCENT_COLOR_NAME = AccentColor;
				CODE_SIGN_STYLE = Automatic;
				CURRENT_PROJECT_VERSION = 1;
				DEVELOPMENT_ASSET_PATHS = "\"todoApp/Preview Content\"";
				ENABLE_PREVIEWS = YES;
				GENERATE_INFOPLIST_FILE = YES;
				INFOPLIST_KEY_UIApplicationSceneManifest_Generation = YES;
				INFOPLIST_KEY_UIApplicationSupportsIndirectInputEvents = YES;
				INFOPLIST_KEY_UILaunchScreen_Generation = YES;
				INFOPLIST_KEY_UISupportedInterfaceOrientations_iPad = "UIInterfaceOrientationPortrait UIInterfaceOrientationPortraitUpsideDown UIInterfaceOrientationLandscapeLeft UIInterfaceOrientationLandscapeRight";
				INFOPLIST_KEY_UISupportedInterfaceOrientations_iPhone = "UIInterfaceOrientationPortrait UIInterfaceOrientationLandscapeLeft UIInterfaceOrientationLandscapeRight";
				LD_RUNPATH_SEARCH_PATHS = (
					"$(inherited)",
					"@executable_path/Frameworks",
				);
				MARKETING_VERSION = 1.0;
				PRODUCT_BUNDLE_IDENTIFIER = el.todoApp;
				PRODUCT_NAME = "$(TARGET_NAME)";
				SWIFT_EMIT_LOC_STRINGS = YES;
				SWIFT_VERSION = 5.0;
				TARGETED_DEVICE_FAMILY = "1,2";
			};
			name = Release;
		};
		472054622FC050D200A33B01 /* Debug */ = {
			isa = XCBuildConfiguration;
			buildSettings = {
				ALWAYS_EMBED_SWIFT_STANDARD_LIBRARIES = YES;
				BUNDLE_LOADER = "$(TEST_HOST)";
				CODE_SIGN_STYLE = Automatic;
				CURRENT_PROJECT_VERSION = 1;
				GENERATE_INFOPLIST_FILE = YES;
				IPHONEOS_DEPLOYMENT_TARGET = 16.2;
				MARKETING_VERSION = 1.0;
				PRODUCT_BUNDLE_IDENTIFIER = el.todoAppTests;
				PRODUCT_NAME = "$(TARGET_NAME)";
				SWIFT_EMIT_LOC_STRINGS = NO;
				SWIFT_VERSION = 5.0;
				TARGETED_DEVICE_FAMILY = "1,2";
				TEST_HOST = "$(BUILT_PRODUCTS_DIR)/todoApp.app/$(BUNDLE_EXECUTABLE_FOLDER_PATH)/todoApp";
			};
			name = Debug;
		};
		472054632FC050D200A33B01 /* Release */ = {
			isa = XCBuildConfiguration;
			buildSettings = {
				ALWAYS_EMBED_SWIFT_STANDARD_LIBRARIES = YES;
				BUNDLE_LOADER = "$(TEST_HOST)";
				CODE_SIGN_STYLE = Automatic;
				CURRENT_PROJECT_VERSION = 1;
				GENERATE_INFOPLIST_FILE = YES;
				IPHONEOS_DEPLOYMENT_TARGET = 16.2;
				MARKETING_VERSION = 1.0;
				PRODUCT_BUNDLE_IDENTIFIER = el.todoAppTests;
				PRODUCT_NAME = "$(TARGET_NAME)";
				SWIFT_EMIT_LOC_STRINGS = NO;
				SWIFT_VERSION = 5.0;
				TARGETED_DEVICE_FAMILY = "1,2";
				TEST_HOST = "$(BUILT_PRODUCTS_DIR)/todoApp.app/$(BUNDLE_EXECUTABLE_FOLDER_PATH)/todoApp";
			};
			name = Release;
		};
		472054652FC050D200A33B01 /* Debug */ = {
			isa = XCBuildConfiguration;
			buildSettings = {
				ALWAYS_EMBED_SWIFT_STANDARD_LIBRARIES = YES;
				CODE_SIGN_STYLE = Automatic;
				CURRENT_PROJECT_VERSION = 1;
				GENERATE_INFOPLIST_FILE = YES;
				MARKETING_VERSION = 1.0;
				PRODUCT_BUNDLE_IDENTIFIER = el.todoAppUITests;
				PRODUCT_NAME = "$(TARGET_NAME)";
				SWIFT_EMIT_LOC_STRINGS = NO;
				SWIFT_VERSION = 5.0;
				TARGETED_DEVICE_FAMILY = "1,2";
				TEST_TARGET_NAME = todoApp;
			};
			name = Debug;
		};
		472054662FC050D200A33B01 /* Release */ = {
			isa = XCBuildConfiguration;
			buildSettings = {
				ALWAYS_EMBED_SWIFT_STANDARD_LIBRARIES = YES;
				CODE_SIGN_STYLE = Automatic;
				CURRENT_PROJECT_VERSION = 1;
				GENERATE_INFOPLIST_FILE = YES;
				MARKETING_VERSION = 1.0;
				PRODUCT_BUNDLE_IDENTIFIER = el.todoAppUITests;
				PRODUCT_NAME = "$(TARGET_NAME)";
				SWIFT_EMIT_LOC_STRINGS = NO;
				SWIFT_VERSION = 5.0;
				TARGETED_DEVICE_FAMILY = "1,2";
				TEST_TARGET_NAME = todoApp;
			};
			name = Release;
		};
/* End XCBuildConfiguration section */

/* Begin XCConfigurationList section */
		4720542F2FC050D000A33B01 /* Build configuration list for PBXProject "todoApp" */ = {
			isa = XCConfigurationList;
			buildConfigurations = (
				4720545C2FC050D200A33B01 /* Debug */,
				4720545D2FC050D200A33B01 /* Release */,
			);
			defaultConfigurationIsVisible = 0;
			defaultConfigurationName = Release;
		};
		4720545E2FC050D200A33B01 /* Build configuration list for PBXNativeTarget "todoApp" */ = {
			isa = XCConfigurationList;
			buildConfigurations = (
				4720545F2FC050D200A33B01 /* Debug */,
				472054602FC050D200A33B01 /* Release */,
			);
			defaultConfigurationIsVisible = 0;
			defaultConfigurationName = Release;
		};
		472054612FC050D200A33B01 /* Build configuration list for PBXNativeTarget "todoAppTests" */ = {
			isa = XCConfigurationList;
			buildConfigurations = (
				472054622FC050D200A33B01 /* Debug */,
				472054632FC050D200A33B01 /* Release */,
			);
			defaultConfigurationIsVisible = 0;
			defaultConfigurationName = Release;
		};
		472054642FC050D200A33B01 /* Build configuration list for PBXNativeTarget "todoAppUITests" */ = {
			isa = XCConfigurationList;
			buildConfigurations = (
				472054652FC050D200A33B01 /* Debug */,
				472054662FC050D200A33B01 /* Release */,
			);
			defaultConfigurationIsVisible = 0;
			defaultConfigurationName = Release;
		};
/* End XCConfigurationList section */

/* Begin XCVersionGroup section */
		472054422FC050D200A33B01 /* todoApp.xcdatamodeld */ = {
			isa = XCVersionGroup;
			children = (
				472054432FC050D200A33B01 /* todoApp.xcdatamodel */,
			);
			currentVersion = 472054432FC050D200A33B01 /* todoApp.xcdatamodel */;
			path = todoApp.xcdatamodeld;
			sourceTree = "<group>";
			versionGroupType = wrapper.xcdatamodel;
		};
/* End XCVersionGroup section */
	};
	rootObject = 4720542C2FC050D000A33B01 /* Project object */;
}
